// !$*UTF8*$!
{
	archiveVersion = 1;
	classes = {
	};
	objectVersion = 48;
	objects = {

/* Begin PBXBuildFile section */
		DE3E677220B4CBA800888211 /* AppDelegate.m in Sources */ = {isa = PBXBuildFile; fileRef = DE3E677120B4CBA800888211 /* AppDelegate.m */; };
		DE3E677520B4CBA800888211 /* ViewController.m in Sources */ = {isa = PBXBuildFile; fileRef = DE3E677420B4CBA800888211 /* ViewController.m */; };
		DE3E677820B4CBA800888211 /* Main.storyboard in Resources */ = {isa = PBXBuildFile; fileRef = DE3E677620B4CBA800888211 /* Main.storyboard */; };
		DE3E677A20B4CBA800888211 /* Assets.xcassets in Resources */ = {isa = PBXBuildFile; fileRef = DE3E677920B4CBA800888211 /* Assets.xcassets */; };
		DE3E677D20B4CBA800888211 /* LaunchScreen.storyboard in Resources */ = {isa = PBXBuildFile; fileRef = DE3E677B20B4CBA800888211 /* LaunchScreen.storyboard */; };
		DE3E678020B4CBA800888211 /* main.m in Sources */ = {isa = PBXBuildFile; fileRef = DE3E677F20B4CBA800888211 /* main.m */; };
/* End PBXBuildFile section */

/* Begin PBXFileReference section */
		DE3E676D20B4CBA800888211 /* XYZ-HelloWorld.app */ = {isa = PBXFileReference; explicitFileType = wrapper.application; includeInIndex = 0; path = "XYZ-HelloWorld.app"; sourceTree = BUILT_PRODUCTS_DIR; };
		DE3E677020B4CBA800888211 /* AppDelegate.h */ = {isa = PBXFileReference; lastKnownFileType = sourcecode.c.h; path = AppDelegate.h; sourceTree = "<group>"; };
		DE3E677120B4CBA800888211 /* AppDelegate.m */ = {isa = PBXFileReference; lastKnownFileType = sourcecode.c.objc; path = AppDelegate.m; sourceTree = "<group>"; };
		DE3E677320B4CBA800888211 /* ViewController.h */ = {isa = PBXFileReference; lastKnownFileType = sourcecode.c.h; path = ViewController.h; sourceTree = "<group>"; };
		DE3E677420B4CBA800888211 /* ViewController.m */ = {isa = PBXFileReference; lastKnownFileType = sourcecode.c.objc; path = ViewController.m; sourceTree = "<group>"; };
		DE3E677720B4CBA800888211 /* Base */ = {isa = PBXFileReference; lastKnownFileType = file.storyboard; name = Base; path = Base.lproj/Main.storyboard; sourceTree = "<group>"; };
		DE3E677920B4CBA800888211 /* Assets.xcassets */ = {isa = PBXFileReference; lastKnownFileType = folder.assetcatalog; path = Assets.xcassets; sourceTree = "<group>"; };
		DE3E677C20B4CBA800888211 /* Base */ = {isa = PBXFileReference; lastKnownFileType = file.storyboard; name = Base; path = Base.lproj/LaunchScreen.storyboard; sourceTree = "<group>"; };
		DE3E677E20B4CBA800888211 /* Info.plist */ = {isa = PBXFileReference; lastKnownFileType = text.plist.xml; path = Info.plist; sourceTree = "<group>"; };
		DE3E677F20B4CBA800888211 /* main.m */ = {isa = PBXFileReference; lastKnownFileType = sourcecode.c.objc; path = main.m; sourceTree = "<group>"; };
/* End PBXFileReference section */

/* Begin PBXFrameworksBuildPhase section */
		DE3E676A20B4CBA800888211 /* Frameworks */ = {
			isa = PBXFrameworksBuildPhase;
			buildActionMask = 2147483647;
			files = (
			);
			runOnlyForDeploymentPostprocessing = 0;
		};
/* End PBXFrameworksBuildPhase section */

/* Begin PBXGroup section */
		DE3E676420B4CBA800888211 = {
			isa = PBXGroup;
			children = (
				DE3E676F20B4CBA800888211 /* XYZ-HelloWorld */,
				DE3E676E20B4CBA800888211 /* Products */,
			);
			sourceTree = "<group>";
		};
		DE3E676E20B4CBA800888211 /* Products */ = {
			isa = PBXGroup;
			children = (
				DE3E676D20B4CBA800888211 /* XYZ-HelloWorld.app */,
			);
			name = Products;
			sourceTree = "<group>";
		};
		DE3E676F20B4CBA800888211 /* XYZ-HelloWorld */ = {
			isa = PBXGroup;
			children = (
				DE3E677020B4CBA800888211 /* AppDelegate.h */,
				DE3E677120B4CBA800888211 /* AppDelegate.m */,
				DE3E677320B4CBA800888211 /* ViewController.h */,
				DE3E677420B4CBA800888211 /* ViewController.m */,
				DE3E677620B4CBA800888211 /* Main.storyboard */,
				DE3E677920B4CBA800888211 /* Assets.xcassets */,
				DE3E677B20B4CBA800888211 /* LaunchScreen.storyboard */,
				DE3E677E20B4CBA800888211 /* Info.plist */,
				DE3E677F20B4CBA800888211 /* main.m */,
			);
			path = "XYZ-HelloWorld";
			sourceTree = "<group>";
		};
/* End PBXGroup section */

/* Begin PBXNativeTarget section */
		DE3E676C20B4CBA800888211 /* XYZ-HelloWorld */ = {
			isa = PBXNativeTarget;
			buildConfigurationList = DE3E678320B4CBA800888211 /* Build configuration list for PBXNativeTarget "XYZ-HelloWorld" */;
			buildPhases = (
				DE3E676920B4CBA800888211 /* Sources */,
				DE3E676A20B4CBA800888211 /* Frameworks */,
				DE3E676B20B4CBA800888211 /* Resources */,
			);
			buildRules = (
			);
			dependencies = (
			);
			name = "XYZ-HelloWorld";
			productName = "XYZ-HelloWorld";
			productReference = DE3E676D20B4CBA800888211 /* XYZ-HelloWorld.app */;
			productType = "com.apple.product-type.application";
		};
/* End PBXNativeTarget section */

/* Begin PBXProject section */
		DE3E676520B4CBA800888211 /* Project object */ = {
			isa = PBXProject;
			attributes = {
				LastUpgradeCheck = 0920;
				ORGANIZATIONNAME = "Yoon Lee";
				TargetAttributes = {
					DE3E676C20B4CBA800888211 = {
						CreatedOnToolsVersion = 9.2;
						ProvisioningStyle = Automatic;
					};
				};
			};
			buildConfigurationList = DE3E676820B4CBA800888211 /* Build configuration list for PBXProject "XYZ-HelloWorld" */;
			compatibilityVersion = "Xcode 8.0";
			developmentRegion = en;
			hasScannedForEncodings = 0;
			knownRegions = (
				en,
				Base,
			);
			mainGroup = DE3E676420B4CBA800888211;
			productRefGroup = DE3E676E20B4CBA800888211 /* Products */;
			projectDirPath = "";
			projectRoot = "";
			targets = (
				DE3E676C20B4CBA800888211 /* XYZ-HelloWorld */,
			);
		};
/* End PBXProject section */

/* Begin PBXResourcesBuildPhase section */
		DE3E676B20B4CBA800888211 /* Resources */ = {
			isa = PBXResourcesBuildPhase;
			buildActionMask = 2147483647;
			files = (
				DE3E677D20B4CBA800888211 /* LaunchScreen.storyboard in Resources */,
				DE3E677A20B4CBA800888211 /* Assets.xcassets in Resources */,
				DE3E677820B4CBA800888211 /* Main.storyboard in Resources */,
			);
			runOnlyForDeploymentPostprocessing = 0;
		};
/* End PBXResourcesBuildPhase section */

/* Begin PBXSourcesBuildPhase section */
		DE3E676920B4CBA800888211 /* Sources */ = {
			isa = PBXSourcesBuildPhase;
			buildActionMask = 2147483647;
			files = (
				DE3E677520B4CBA800888211 /* ViewController.m in Sources */,
				DE3E678020B4CBA800888211 /* main.m in Sources */,
				DE3E677220B4CBA800888211 /* AppDelegate.m in Sources */,
			);
			runOnlyForDeploymentPostprocessing = 0;
		};
/* End PBXSourcesBuildPhase section */

/* Begin PBXVariantGroup section */
		DE3E677620B4CBA800888211 /* Main.storyboard */ = {
			isa = PBXVariantGroup;
			children = (
				DE3E677720B4CBA800888211 /* Base */,
			);
			name = Main.storyboard;
			sourceTree = "<group>";
		};
		DE3E677B20B4CBA800888211 /* LaunchScreen.storyboard */ = {
			isa = PBXVariantGroup;
			children = (
				DE3E677C20B4CBA800888211 /* Base */,
			);
			name = LaunchScreen.storyboard;
			sourceTree = "<group>";
		};
/* End PBXVariantGroup section */

/* Begin XCBuildConfiguration section */
		DE3E678120B4CBA800888211 /* Debug */ = {
			isa = XCBuildConfiguration;
			buildSettings = {
				ALWAYS_SEARCH_USER_PATHS = NO;
				CLANG_ANALYZER_NONNULL = YES;
				CLANG_ANALYZER_NUMBER_OBJECT_CONVERSION = YES_AGGRESSIVE;
				CLANG_CXX_LANGUAGE_STANDARD = "gnu++14";
				CLANG_CXX_LIBRARY = "libc++";
				CLANG_ENABLE_MODULES = YES;
				CLANG_ENABLE_OBJC_ARC = YES;
				CLANG_WARN_BLOCK_CAPTURE_AUTORELEASING = YES;
				CLANG_WARN_BOOL_CONVERSION = YES;
				CLANG_WARN_COMMA = YES;
				CLANG_WARN_CONSTANT_CONVERSION = YES;
				CLANG_WARN_DIRECT_OBJC_ISA_USAGE = YES_ERROR;
				CLANG_WARN_DOCUMENTATION_COMMENTS = YES;
				CLANG_WARN_EMPTY_BODY = YES;
				CLANG_WARN_ENUM_CONVERSION = YES;
				CLANG_WARN_INFINITE_RECURSION = YES;
				CLANG_WARN_INT_CONVERSION = YES;
				CLANG_WARN_NON_LITERAL_NULL_CONVERSION = YES;
				CLANG_WARN_OBJC_LITERAL_CONVERSION = YES;
				CLANG_WARN_OBJC_ROOT_CLASS = YES_ERROR;
				CLANG_WARN_RANGE_LOOP_ANALYSIS = YES;
				CLANG_WARN_STRICT_PROTOTYPES = YES;
				CLANG_WARN_SUSPICIOUS_MOVE = YES;
				CLANG_WARN_UNGUARDED_AVAILABILITY = YES_AGGRESSIVE;
				CLANG_WARN_UNREACHABLE_CODE = YES;
				CLANG_WARN__DUPLICATE_METHOD_MATCH = YES;
				CODE_SIGN_IDENTITY = "iPhone Developer";
				COPY_PHASE_STRIP = NO;
				DEBUG_INFORMATION_FORMAT = dwarf;
				ENABLE_STRICT_OBJC_MSGSEND = YES;
				ENABLE_TESTABILITY = YES;
				GCC_C_LANGUAGE_STANDARD = gnu11;
				GCC_DYNAMIC_NO_PIC = NO;
				GCC_NO_COMMON_BLOCKS = YES;
				GCC_OPTIMIZATION_LEVEL = 0;
				GCC_PREPROCESSOR_DEFINITIONS = (
					"DEBUG=1",
					"$(inherited)",
				);
				GCC_WARN_64_TO_32_BIT_CONVERSION = YES;
				GCC_WARN_ABOUT_RETURN_TYPE = YES_ERROR;
				GCC_WARN_UNDECLARED_SELECTOR = YES;
				GCC_WARN_UNINITIALIZED_AUTOS = YES_AGGRESSIVE;
				GCC_WARN_UNUSED_FUNCTION = YES;
				GCC_WARN_UNUSED_VARIABLE = YES;
				IPHONEOS_DEPLOYMENT_TARGET = 11.2;
				MTL_ENABLE_DEBUG_INFO = YES;
				ONLY_ACTIVE_ARCH = YES;
				SDKROOT = iphoneos;
			};
			name = Debug;
		};
		DE3E678220B4CBA800888211 /* Release */ = {
			isa = XCBuildConfiguration;
			buildSettings = {
				ALWAYS_SEARCH_USER_PATHS = NO;
				CLANG_ANALYZER_NONNULL = YES;
				CLANG_ANALYZER_NUMBER_OBJECT_CONVERSION = YES_AGGRESSIVE;
				CLANG_CXX_LANGUAGE_STANDARD = "gnu++14";
				CLANG_CXX_LIBRARY = "libc++";
				CLANG_ENABLE_MODULES = YES;
				CLANG_ENABLE_OBJC_ARC = YES;
				CLANG_WARN_BLOCK_CAPTURE_AUTORELEASING = YES;
				CLANG_WARN_BOOL_CONVERSION = YES;
				CLANG_WARN_COMMA = YES;
				CLANG_WARN_CONSTANT_CONVERSION = YES;
				CLANG_WARN_DIRECT_OBJC_ISA_USAGE = YES_ERROR;
				CLANG_WARN_DOCUMENTATION_COMMENTS = YES;
				CLANG_WARN_EMPTY_BODY = YES;
				CLANG_WARN_ENUM_CONVERSION = YES;
				CLANG_WARN_INFINITE_RECURSION = YES;
				CLANG_WARN_INT_CONVERSION = YES;
				CLANG_WARN_NON_LITERAL_NULL_CONVERSION = YES;
				CLANG_WARN_OBJC_LITERAL_CONVERSION = YES;
				CLANG_WARN_OBJC_ROOT_CLASS = YES_ERROR;
				CLANG_WARN_RANGE_LOOP_ANALYSIS = YES;
				CLANG_WARN_STRICT_PROTOTYPES = YES;
				CLANG_WARN_SUSPICIOUS_MOVE = YES;
				CLANG_WARN_UNGUARDED_AVAILABILITY = YES_AGGRESSIVE;
				CLANG_WARN_UNREACHABLE_CODE = YES;
				CLANG_WARN__DUPLICATE_METHOD_MATCH = YES;
				CODE_SIGN_IDENTITY = "iPhone Developer";
				COPY_PHASE_STRIP = NO;
				DEBUG_INFORMATION_FORMAT = "dwarf-with-dsym";
				ENABLE_NS_ASSERTIONS = NO;
				ENABLE_STRICT_OBJC_MSGSEND = YES;
				GCC_C_LANGUAGE_STANDARD = gnu11;
				GCC_NO_COMMON_BLOCKS = YES;
				GCC_WARN_64_TO_32_BIT_CONVERSION = YES;
				GCC_WARN_ABOUT_RETURN_TYPE = YES_ERROR;
				GCC_WARN_UNDECLARED_SELECTOR = YES;
				GCC_WARN_UNINITIALIZED_AUTOS = YES_AGGRESSIVE;
				GCC_WARN_UNUSED_FUNCTION = YES;
				GCC_WARN_UNUSED_VARIABLE = YES;
				IPHONEOS_DEPLOYMENT_TARGET = 11.2;
				MTL_ENABLE_DEBUG_INFO = NO;
				SDKROOT = iphoneos;
				VALIDATE_PRODUCT = YES;
			};
			name = Release;
		};
		DE3E678420B4CBA800888211 /* Debug */ = {
			isa = XCBuildConfiguration;
			buildSettings = {
				ASSETCATALOG_COMPILER_APPICON_NAME = AppIcon;
				CODE_SIGN_STYLE = Automatic;
				INFOPLIST_FILE = "XYZ-HelloWorld/Info.plist";
				LD_RUNPATH_SEARCH_PATHS = "$(inherited) @executable_path/Frameworks";
				PRODUCT_BUNDLE_IDENTIFIER = "com.yoonlee.XYZ-HelloWorld";
				PRODUCT_NAME = "$(TARGET_NAME)";
				TARGETED_DEVICE_FAMILY = "1,2";
			};
			name = Debug;
		};
		DE3E678520B4CBA800888211 /* Release */ = {
			isa = XCBuildConfiguration;
			buildSettings = {
				ASSETCATALOG_COMPILER_APPICON_NAME = AppIcon;
				CODE_SIGN_STYLE = Automatic;
				INFOPLIST_FILE = "XYZ-HelloWorld/Info.plist";
				LD_RUNPATH_SEARCH_PATHS = "$(inherited) @executable_path/Frameworks";
				PRODUCT_BUNDLE_IDENTIFIER = "com.yoonlee.XYZ-HelloWorld";
				PRODUCT_NAME = "$(TARGET_NAME)";
				TARGETED_DEVICE_FAMILY = "1,2";
			};
			name = Release;
		};
/* End XCBuildConfiguration section */

/* Begin XCConfigurationList section */
		DE3E676820B4CBA800888211 /* Build configuration list for PBXProject "XYZ-HelloWorld" */ = {
			isa = XCConfigurationList;
			buildConfigurations = (
				DE3E678120B4CBA800888211 /* Debug */,
				DE3E678220B4CBA800888211 /* Release */,
			);
			defaultConfigurationIsVisible = 0;
			defaultConfigurationName = Release;
		};
		DE3E678320B4CBA800888211 /* Build configuration list for PBXNativeTarget "XYZ-HelloWorld" */ = {
			isa = XCConfigurationList;
			buildConfigurations = (
				DE3E678420B4CBA800888211 /* Debug */,
				DE3E678520B4CBA800888211 /* Release */,
			);
			defaultConfigurationIsVisible = 0;
			defaultConfigurationName = Release;
		};
/* End XCConfigurationList section */
	};
	rootObject = DE3E676520B4CBA800888211 /* Project object */;
}
