// !$*UTF8*$!
{
	archiveVersion = 1;
	classes = {
	};
	objectVersion = 48;
	objects = {

/* Begin PBXBuildFile section */
		A4DA10A24D4C4D7F367C1D91 /* Pods_XYZ_HelloWorld.framework in Frameworks */ = {isa = PBXBuildFile; fileRef = B6D7D6FF30D955EE075B131A /* Pods_XYZ_HelloWorld.framework */; };
		DE0B946620B769640058CED9 /* XYZ_HelloWorldUITests.m in Sources */ = {isa = PBXBuildFile; fileRef = DE0B946520B769640058CED9 /* XYZ_HelloWorldUITests.m */; };
		DE3E677220B4CBA800888211 /* AppDelegate.m in Sources */ = {isa = PBXBuildFile; fileRef = DE3E677120B4CBA800888211 /* AppDelegate.m */; };
		DE3E677520B4CBA800888211 /* ViewController.m in Sources */ = {isa = PBXBuildFile; fileRef = DE3E677420B4CBA800888211 /* ViewController.m */; };
		DE3E677820B4CBA800888211 /* Main.storyboard in Resources */ = {isa = PBXBuildFile; fileRef = DE3E677620B4CBA800888211 /* Main.storyboard */; };
		DE3E677A20B4CBA800888211 /* Assets.xcassets in Resources */ = {isa = PBXBuildFile; fileRef = DE3E677920B4CBA800888211 /* Assets.xcassets */; };
		DE3E677D20B4CBA800888211 /* LaunchScreen.storyboard in Resources */ = {isa = PBXBuildFile; fileRef = DE3E677B20B4CBA800888211 /* LaunchScreen.storyboard */; };
		DE3E678020B4CBA800888211 /* main.m in Sources */ = {isa = PBXBuildFile; fileRef = DE3E677F20B4CBA800888211 /* main.m */; };
		DE3E678B20B4E40E00888211 /* Podfile in Resources */ = {isa = PBXBuildFile; fileRef = DE3E678A20B4E40D00888211 /* Podfile */; };
		DE3E679320B4E8D100888211 /* XYZ_HelloWorldTests.m in Sources */ = {isa = PBXBuildFile; fileRef = DE3E679220B4E8D100888211 /* XYZ_HelloWorldTests.m */; };
/* End PBXBuildFile section */

/* Begin PBXContainerItemProxy section */
		DE0B946820B769640058CED9 /* PBXContainerItemProxy */ = {
			isa = PBXContainerItemProxy;
			containerPortal = DE3E676520B4CBA800888211 /* Project object */;
			proxyType = 1;
			remoteGlobalIDString = DE3E676C20B4CBA800888211;
			remoteInfo = "XYZ-HelloWorld";
		};
		DE3E679520B4E8D100888211 /* PBXContainerItemProxy */ = {
			isa = PBXContainerItemProxy;
			containerPortal = DE3E676520B4CBA800888211 /* Project object */;
			proxyType = 1;
			remoteGlobalIDString = DE3E676C20B4CBA800888211;
			remoteInfo = "XYZ-HelloWorld";
		};
/* End PBXContainerItemProxy section */

/* Begin PBXFileReference section */
		035DB09E905156F547BDC1E4 /* Pods-XYZ-HelloWorld.release.xcconfig */ = {isa = PBXFileReference; includeInIndex = 1; lastKnownFileType = text.xcconfig; name = "Pods-XYZ-HelloWorld.release.xcconfig"; path = "Pods/Target Support Files/Pods-XYZ-HelloWorld/Pods-XYZ-HelloWorld.release.xcconfig"; sourceTree = "<group>"; };
		127E50BA9D09DDB4EAAA3923 /* Pods-XYZ-HelloWorld.debug.xcconfig */ = {isa = PBXFileReference; includeInIndex = 1; lastKnownFileType = text.xcconfig; name = "Pods-XYZ-HelloWorld.debug.xcconfig"; path = "Pods/Target Support Files/Pods-XYZ-HelloWorld/Pods-XYZ-HelloWorld.debug.xcconfig"; sourceTree = "<group>"; };
		B6D7D6FF30D955EE075B131A /* Pods_XYZ_HelloWorld.framework */ = {isa = PBXFileReference; explicitFileType = wrapper.framework; includeInIndex = 0; path = Pods_XYZ_HelloWorld.framework; sourceTree = BUILT_PRODUCTS_DIR; };
		DE0B946320B769640058CED9 /* XYZ-HelloWorldUITests.xctest */ = {isa = PBXFileReference; explicitFileType = wrapper.cfbundle; includeInIndex = 0; path = "XYZ-HelloWorldUITests.xctest"; sourceTree = BUILT_PRODUCTS_DIR; };
		DE0B946520B769640058CED9 /* XYZ_HelloWorldUITests.m */ = {isa = PBXFileReference; lastKnownFileType = sourcecode.c.objc; path = XYZ_HelloWorldUITests.m; sourceTree = "<group>"; };
		DE0B946720B769640058CED9 /* Info.plist */ = {isa = PBXFileReference; lastKnownFileType = text.plist.xml; path = Info.plist; sourceTree = "<group>"; };
		DE3E676D20B4CBA800888211 /* XYZ-HelloWorld.app */ = {isa = PBXFileReference; explicitFileType = wrapper.application; includeInIndex = 0; path = "XYZ-HelloWorld.app"; sourceTree = BUILT_PRODUCTS_DIR; };
		DE3E677020B4CBA800888211 /* AppDelegate.h */ = {isa = PBXFileReference; lastKnownFileType = sourcecode.c.h; path = AppDelegate.h; sourceTree = "<group>"; };
		DE3E677120B4CBA800888211 /* AppDelegate.m */ = {isa = PBXFileReference; lastKnownFileType = sourcecode.c.objc; path = AppDelegate.m; sourceTree = "<group>"; };
		DE3E677320B4CBA800888211 /* ViewController.h */ = {isa = PBXFileReference; lastKnownFileType = sourcecode.c.h; path = ViewController.h; sourceTree = "<group>"; };
		DE3E677420B4CBA800888211 /* ViewController.m */ = {isa = PBXFileReference; lastKnownFileType = sourcecode.c.objc; path = ViewController.m; sourceTree = "<group>"; };
		DE3E677720B4CBA800888211 /* Base */ = {isa = PBXFileReference; lastKnownFileType = file.storyboard; name = Base; path = Base.lproj/Main.storyboard; sourceTree = "<group>"; };
		DE3E677920B4CBA800888211 /* Assets.xcassets */ = {isa = PBXFileReference; lastKnownFileType = folder.assetcatalog; path = Assets.xcassets; sourceTree = "<group>"; };
		DE3E677C20B4CBA800888211 /* Base */ = {isa = PBXFileReference; lastKnownFileType = file.storyboard; name = Base; path = Base.lproj/LaunchScreen.storyboard; sourceTree = "<group>"; };
		DE3E677E20B4CBA800888211 /* Info.plist */ = {isa = PBXFileReference; lastKnownFileType = text.plist.xml; path = Info.plist; sourceTree = "<group>"; };
		DE3E677F20B4CBA800888211 /* main.m */ = {isa = PBXFileReference; lastKnownFileType = sourcecode.c.objc; path = main.m; sourceTree = "<group>"; };
		DE3E678A20B4E40D00888211 /* Podfile */ = {isa = PBXFileReference; fileEncoding = 4; lastKnownFileType = text; path = Podfile; sourceTree = "<group>"; xcLanguageSpecificationIdentifier = xcode.lang.ruby; };
		DE3E679020B4E8D100888211 /* XYZ-HelloWorldTests.xctest */ = {isa = PBXFileReference; explicitFileType = wrapper.cfbundle; includeInIndex = 0; path = "XYZ-HelloWorldTests.xctest"; sourceTree = BUILT_PRODUCTS_DIR; };
		DE3E679220B4E8D100888211 /* XYZ_HelloWorldTests.m */ = {isa = PBXFileReference; lastKnownFileType = sourcecode.c.objc; path = XYZ_HelloWorldTests.m; sourceTree = "<group>"; };
		DE3E679420B4E8D100888211 /* Info.plist */ = {isa = PBXFileReference; lastKnownFileType = text.plist.xml; path = Info.plist; sourceTree = "<group>"; };
/* End PBXFileReference section */

/* Begin PBXFrameworksBuildPhase section */
		DE0B946020B769640058CED9 /* Frameworks */ = {
			isa = PBXFrameworksBuildPhase;
			buildActionMask = 2147483647;
			files = (
			);
			runOnlyForDeploymentPostprocessing = 0;
		};
		DE3E676A20B4CBA800888211 /* Frameworks */ = {
			isa = PBXFrameworksBuildPhase;
			buildActionMask = 2147483647;
			files = (
				A4DA10A24D4C4D7F367C1D91 /* Pods_XYZ_HelloWorld.framework in Frameworks */,
			);
			runOnlyForDeploymentPostprocessing = 0;
		};
		DE3E678D20B4E8D100888211 /* Frameworks */ = {
			isa = PBXFrameworksBuildPhase;
			buildActionMask = 2147483647;
			files = (
			);
			runOnlyForDeploymentPostprocessing = 0;
		};
/* End PBXFrameworksBuildPhase section */

/* Begin PBXGroup section */
		A989E03E44EE88B474C16651 /* Pods */ = {
			isa = PBXGroup;
			children = (
				127E50BA9D09DDB4EAAA3923 /* Pods-XYZ-HelloWorld.debug.xcconfig */,
				035DB09E905156F547BDC1E4 /* Pods-XYZ-HelloWorld.release.xcconfig */,
			);
			name = Pods;
			sourceTree = "<group>";
		};
		CCF3D4A10A34F6DF368193A3 /* Frameworks */ = {
			isa = PBXGroup;
			children = (
				B6D7D6FF30D955EE075B131A /* Pods_XYZ_HelloWorld.framework */,
			);
			name = Frameworks;
			sourceTree = "<group>";
		};
		DE0B946420B769640058CED9 /* XYZ-HelloWorldUITests */ = {
			isa = PBXGroup;
			children = (
				DE0B946520B769640058CED9 /* XYZ_HelloWorldUITests.m */,
				DE0B946720B769640058CED9 /* Info.plist */,
			);
			path = "XYZ-HelloWorldUITests";
			sourceTree = "<group>";
		};
		DE3E676420B4CBA800888211 = {
			isa = PBXGroup;
			children = (
				DE3E678A20B4E40D00888211 /* Podfile */,
				DE3E676F20B4CBA800888211 /* XYZ-HelloWorld */,
				DE3E679120B4E8D100888211 /* XYZ-HelloWorldTests */,
				DE0B946420B769640058CED9 /* XYZ-HelloWorldUITests */,
				DE3E676E20B4CBA800888211 /* Products */,
				A989E03E44EE88B474C16651 /* Pods */,
				CCF3D4A10A34F6DF368193A3 /* Frameworks */,
			);
			sourceTree = "<group>";
		};
		DE3E676E20B4CBA800888211 /* Products */ = {
			isa = PBXGroup;
			children = (
				DE3E676D20B4CBA800888211 /* XYZ-HelloWorld.app */,
				DE3E679020B4E8D100888211 /* XYZ-HelloWorldTests.xctest */,
				DE0B946320B769640058CED9 /* XYZ-HelloWorldUITests.xctest */,
			);
			name = Products;
			sourceTree = "<group>";
		};
		DE3E676F20B4CBA800888211 /* XYZ-HelloWorld */ = {
			isa = PBXGroup;
			children = (
				DE3E677020B4CBA800888211 /* AppDelegate.h */,
				DE3E677120B4CBA800888211 /* AppDelegate.m */,
				DE3E677320B4CBA800888211 /* ViewController.h */,
				DE3E677420B4CBA800888211 /* ViewController.m */,
				DE3E677620B4CBA800888211 /* Main.storyboard */,
				DE3E677920B4CBA800888211 /* Assets.xcassets */,
				DE3E677B20B4CBA800888211 /* LaunchScreen.storyboard */,
				DE3E677E20B4CBA800888211 /* Info.plist */,
				DE3E677F20B4CBA800888211 /* main.m */,
			);
			path = "XYZ-HelloWorld";
			sourceTree = "<group>";
		};
		DE3E679120B4E8D100888211 /* XYZ-HelloWorldTests */ = {
			isa = PBXGroup;
			children = (
				DE3E679220B4E8D100888211 /* XYZ_HelloWorldTests.m */,
				DE3E679420B4E8D100888211 /* Info.plist */,
			);
			path = "XYZ-HelloWorldTests";
			sourceTree = "<group>";
		};
/* End PBXGroup section */

/* Begin PBXNativeTarget section */
		DE0B946220B769640058CED9 /* XYZ-HelloWorldUITests */ = {
			isa = PBXNativeTarget;
			buildConfigurationList = DE0B946A20B769640058CED9 /* Build configuration list for PBXNativeTarget "XYZ-HelloWorldUITests" */;
			buildPhases = (
				DE0B945F20B769640058CED9 /* Sources */,
				DE0B946020B769640058CED9 /* Frameworks */,
				DE0B946120B769640058CED9 /* Resources */,
			);
			buildRules = (
			);
			dependencies = (
				DE0B946920B769640058CED9 /* PBXTargetDependency */,
			);
			name = "XYZ-HelloWorldUITests";
			productName = "XYZ-HelloWorldUITests";
			productReference = DE0B946320B769640058CED9 /* XYZ-HelloWorldUITests.xctest */;
			productType = "com.apple.product-type.bundle.ui-testing";
		};
		DE3E676C20B4CBA800888211 /* XYZ-HelloWorld */ = {
			isa = PBXNativeTarget;
			buildConfigurationList = DE3E678320B4CBA800888211 /* Build configuration list for PBXNativeTarget "XYZ-HelloWorld" */;
			buildPhases = (
				B78DBB0B0A38C2960EE58355 /* [CP] Check Pods Manifest.lock */,
				DE3E676920B4CBA800888211 /* Sources */,
				DE3E676A20B4CBA800888211 /* Frameworks */,
				DE3E676B20B4CBA800888211 /* Resources */,
				D18D4F7F59B23B1C92E3A2F1 /* [CP] Embed Pods Frameworks */,
			);
			buildRules = (
			);
			dependencies = (
			);
			name = "XYZ-HelloWorld";
			productName = "XYZ-HelloWorld";
			productReference = DE3E676D20B4CBA800888211 /* XYZ-HelloWorld.app */;
			productType = "com.apple.product-type.application";
		};
		DE3E678F20B4E8D100888211 /* XYZ-HelloWorldTests */ = {
			isa = PBXNativeTarget;
			buildConfigurationList = DE3E679920B4E8D100888211 /* Build configuration list for PBXNativeTarget "XYZ-HelloWorldTests" */;
			buildPhases = (
				DE3E678C20B4E8D100888211 /* Sources */,
				DE3E678D20B4E8D100888211 /* Frameworks */,
				DE3E678E20B4E8D100888211 /* Resources */,
			);
			buildRules = (
			);
			dependencies = (
				DE3E679620B4E8D100888211 /* PBXTargetDependency */,
			);
			name = "XYZ-HelloWorldTests";
			productName = "XYZ-HelloWorldTests";
			productReference = DE3E679020B4E8D100888211 /* XYZ-HelloWorldTests.xctest */;
			productType = "com.apple.product-type.bundle.unit-test";
		};
/* End PBXNativeTarget section */

/* Begin PBXProject section */
		DE3E676520B4CBA800888211 /* Project object */ = {
			isa = PBXProject;
			attributes = {
				LastUpgradeCheck = 0920;
				ORGANIZATIONNAME = "Yoon Lee";
				TargetAttributes = {
					DE0B946220B769640058CED9 = {
						CreatedOnToolsVersion = 9.2;
						ProvisioningStyle = Automatic;
						TestTargetID = DE3E676C20B4CBA800888211;
					};
					DE3E676C20B4CBA800888211 = {
						CreatedOnToolsVersion = 9.2;
						ProvisioningStyle = Automatic;
					};
					DE3E678F20B4E8D100888211 = {
						CreatedOnToolsVersion = 9.2;
						ProvisioningStyle = Automatic;
						TestTargetID = DE3E676C20B4CBA800888211;
					};
				};
			};
			buildConfigurationList = DE3E676820B4CBA800888211 /* Build configuration list for PBXProject "XYZ-HelloWorld" */;
			compatibilityVersion = "Xcode 8.0";
			developmentRegion = en;
			hasScannedForEncodings = 0;
			knownRegions = (
				en,
				Base,
			);
			mainGroup = DE3E676420B4CBA800888211;
			productRefGroup = DE3E676E20B4CBA800888211 /* Products */;
			projectDirPath = "";
			projectRoot = "";
			targets = (
				DE3E676C20B4CBA800888211 /* XYZ-HelloWorld */,
				DE3E678F20B4E8D100888211 /* XYZ-HelloWorldTests */,
				DE0B946220B769640058CED9 /* XYZ-HelloWorldUITests */,
			);
		};
/* End PBXProject section */

/* Begin PBXResourcesBuildPhase section */
		DE0B946120B769640058CED9 /* Resources */ = {
			isa = PBXResourcesBuildPhase;
			buildActionMask = 2147483647;
			files = (
			);
			runOnlyForDeploymentPostprocessing = 0;
		};
		DE3E676B20B4CBA800888211 /* Resources */ = {
			isa = PBXResourcesBuildPhase;
			buildActionMask = 2147483647;
			files = (
				DE3E677D20B4CBA800888211 /* LaunchScreen.storyboard in Resources */,
				DE3E677A20B4CBA800888211 /* Assets.xcassets in Resources */,
				DE3E678B20B4E40E00888211 /* Podfile in Resources */,
				DE3E677820B4CBA800888211 /* Main.storyboard in Resources */,
			);
			runOnlyForDeploymentPostprocessing = 0;
		};
		DE3E678E20B4E8D100888211 /* Resources */ = {
			isa = PBXResourcesBuildPhase;
			buildActionMask = 2147483647;
			files = (
			);
			runOnlyForDeploymentPostprocessing = 0;
		};
/* End PBXResourcesBuildPhase section */

/* Begin PBXShellScriptBuildPhase section */
		B78DBB0B0A38C2960EE58355 /* [CP] Check Pods Manifest.lock */ = {
			isa = PBXShellScriptBuildPhase;
			buildActionMask = 2147483647;
			files = (
			);
			inputPaths = (
				"${PODS_PODFILE_DIR_PATH}/Podfile.lock",
				"${PODS_ROOT}/Manifest.lock",
			);
			name = "[CP] Check Pods Manifest.lock";
			outputPaths = (
				"$(DERIVED_FILE_DIR)/Pods-XYZ-HelloWorld-checkManifestLockResult.txt",
			);
			runOnlyForDeploymentPostprocessing = 0;
			shellPath = /bin/sh;
			shellScript = "diff \"${PODS_PODFILE_DIR_PATH}/Podfile.lock\" \"${PODS_ROOT}/Manifest.lock\" > /dev/null\nif [ $? != 0 ] ; then\n    # print error to STDERR\n    echo \"error: The sandbox is not in sync with the Podfile.lock. Run 'pod install' or update your CocoaPods installation.\" >&2\n    exit 1\nfi\n# This output is used by Xcode 'outputs' to avoid re-running this script phase.\necho \"SUCCESS\" > \"${SCRIPT_OUTPUT_FILE_0}\"\n";
			showEnvVarsInLog = 0;
		};
		D18D4F7F59B23B1C92E3A2F1 /* [CP] Embed Pods Frameworks */ = {
			isa = PBXShellScriptBuildPhase;
			buildActionMask = 2147483647;
			files = (
			);
			inputPaths = (
				"${SRCROOT}/Pods/Target Support Files/Pods-XYZ-HelloWorld/Pods-XYZ-HelloWorld-frameworks.sh",
				"${BUILT_PRODUCTS_DIR}/AFNetworking/AFNetworking.framework",
			);
			name = "[CP] Embed Pods Frameworks";
			outputPaths = (
				"${TARGET_BUILD_DIR}/${FRAMEWORKS_FOLDER_PATH}/AFNetworking.framework",
			);
			runOnlyForDeploymentPostprocessing = 0;
			shellPath = /bin/sh;
			shellScript = "\"${SRCROOT}/Pods/Target Support Files/Pods-XYZ-HelloWorld/Pods-XYZ-HelloWorld-frameworks.sh\"\n";
			showEnvVarsInLog = 0;
		};
/* End PBXShellScriptBuildPhase section */

/* Begin PBXSourcesBuildPhase section */
		DE0B945F20B769640058CED9 /* Sources */ = {
			isa = PBXSourcesBuildPhase;
			buildActionMask = 2147483647;
			files = (
				DE0B946620B769640058CED9 /* XYZ_HelloWorldUITests.m in Sources */,
			);
			runOnlyForDeploymentPostprocessing = 0;
		};
		DE3E676920B4CBA800888211 /* Sources */ = {
			isa = PBXSourcesBuildPhase;
			buildActionMask = 2147483647;
			files = (
				DE3E677520B4CBA800888211 /* ViewController.m in Sources */,
				DE3E678020B4CBA800888211 /* main.m in Sources */,
				DE3E677220B4CBA800888211 /* AppDelegate.m in Sources */,
			);
			runOnlyForDeploymentPostprocessing = 0;
		};
		DE3E678C20B4E8D100888211 /* Sources */ = {
			isa = PBXSourcesBuildPhase;
			buildActionMask = 2147483647;
			files = (
				DE3E679320B4E8D100888211 /* XYZ_HelloWorldTests.m in Sources */,
			);
			runOnlyForDeploymentPostprocessing = 0;
		};
/* End PBXSourcesBuildPhase section */

/* Begin PBXTargetDependency section */
		DE0B946920B769640058CED9 /* PBXTargetDependency */ = {
			isa = PBXTargetDependency;
			target = DE3E676C20B4CBA800888211 /* XYZ-HelloWorld */;
			targetProxy = DE0B946820B769640058CED9 /* PBXContainerItemProxy */;
		};
		DE3E679620B4E8D100888211 /* PBXTargetDependency */ = {
			isa = PBXTargetDependency;
			target = DE3E676C20B4CBA800888211 /* XYZ-HelloWorld */;
			targetProxy = DE3E679520B4E8D100888211 /* PBXContainerItemProxy */;
		};
/* End PBXTargetDependency section */

/* Begin PBXVariantGroup section */
		DE3E677620B4CBA800888211 /* Main.storyboard */ = {
			isa = PBXVariantGroup;
			children = (
				DE3E677720B4CBA800888211 /* Base */,
			);
			name = Main.storyboard;
			sourceTree = "<group>";
		};
		DE3E677B20B4CBA800888211 /* LaunchScreen.storyboard */ = {
			isa = PBXVariantGroup;
			children = (
				DE3E677C20B4CBA800888211 /* Base */,
			);
			name = LaunchScreen.storyboard;
			sourceTree = "<group>";
		};
/* End PBXVariantGroup section */

/* Begin XCBuildConfiguration section */
		DE0B946B20B769640058CED9 /* Debug */ = {
			isa = XCBuildConfiguration;
			buildSettings = {
				CODE_SIGN_STYLE = Automatic;
				DEVELOPMENT_TEAM = 9G89XQ9R38;
				INFOPLIST_FILE = "XYZ-HelloWorldUITests/Info.plist";
				LD_RUNPATH_SEARCH_PATHS = "$(inherited) @executable_path/Frameworks @loader_path/Frameworks";
				PRODUCT_BUNDLE_IDENTIFIER = "com.yoonlee.XYZ-HelloWorldUITests";
				PRODUCT_NAME = "$(TARGET_NAME)";
				TARGETED_DEVICE_FAMILY = "1,2";
				TEST_TARGET_NAME = "XYZ-HelloWorld";
			};
			name = Debug;
		};
		DE0B946C20B769640058CED9 /* Release */ = {
			isa = XCBuildConfiguration;
			buildSettings = {
				CODE_SIGN_STYLE = Automatic;
				DEVELOPMENT_TEAM = 9G89XQ9R38;
				INFOPLIST_FILE = "XYZ-HelloWorldUITests/Info.plist";
				LD_RUNPATH_SEARCH_PATHS = "$(inherited) @executable_path/Frameworks @loader_path/Frameworks";
				PRODUCT_BUNDLE_IDENTIFIER = "com.yoonlee.XYZ-HelloWorldUITests";
				PRODUCT_NAME = "$(TARGET_NAME)";
				TARGETED_DEVICE_FAMILY = "1,2";
				TEST_TARGET_NAME = "XYZ-HelloWorld";
			};
			name = Release;
		};
		DE3E678120B4CBA800888211 /* Debug */ = {
			isa = XCBuildConfiguration;
			buildSettings = {
				ALWAYS_SEARCH_USER_PATHS = NO;
				CLANG_ANALYZER_NONNULL = YES;
				CLANG_ANALYZER_NUMBER_OBJECT_CONVERSION = YES_AGGRESSIVE;
				CLANG_CXX_LANGUAGE_STANDARD = "gnu++14";
				CLANG_CXX_LIBRARY = "libc++";
				CLANG_ENABLE_MODULES = YES;
				CLANG_ENABLE_OBJC_ARC = YES;
				CLANG_WARN_BLOCK_CAPTURE_AUTORELEASING = YES;
				CLANG_WARN_BOOL_CONVERSION = YES;
				CLANG_WARN_COMMA = YES;
				CLANG_WARN_CONSTANT_CONVERSION = YES;
				CLANG_WARN_DIRECT_OBJC_ISA_USAGE = YES_ERROR;
				CLANG_WARN_DOCUMENTATION_COMMENTS = YES;
				CLANG_WARN_EMPTY_BODY = YES;
				CLANG_WARN_ENUM_CONVERSION = YES;
				CLANG_WARN_INFINITE_RECURSION = YES;
				CLANG_WARN_INT_CONVERSION = YES;
				CLANG_WARN_NON_LITERAL_NULL_CONVERSION = YES;
				CLANG_WARN_OBJC_LITERAL_CONVERSION = YES;
				CLANG_WARN_OBJC_ROOT_CLASS = YES_ERROR;
				CLANG_WARN_RANGE_LOOP_ANALYSIS = YES;
				CLANG_WARN_STRICT_PROTOTYPES = YES;
				CLANG_WARN_SUSPICIOUS_MOVE = YES;
				CLANG_WARN_UNGUARDED_AVAILABILITY = YES_AGGRESSIVE;
				CLANG_WARN_UNREACHABLE_CODE = YES;
				CLANG_WARN__DUPLICATE_METHOD_MATCH = YES;
				CODE_SIGN_IDENTITY = "iPhone Developer";
				COPY_PHASE_STRIP = NO;
				DEBUG_INFORMATION_FORMAT = dwarf;
				ENABLE_STRICT_OBJC_MSGSEND = YES;
				ENABLE_TESTABILITY = YES;
				GCC_C_LANGUAGE_STANDARD = gnu11;
				GCC_DYNAMIC_NO_PIC = NO;
				GCC_NO_COMMON_BLOCKS = YES;
				GCC_OPTIMIZATION_LEVEL = 0;
				GCC_PREPROCESSOR_DEFINITIONS = (
					"DEBUG=1",
					"$(inherited)",
				);
				GCC_WARN_64_TO_32_BIT_CONVERSION = YES;
				GCC_WARN_ABOUT_RETURN_TYPE = YES_ERROR;
				GCC_WARN_UNDECLARED_SELECTOR = YES;
				GCC_WARN_UNINITIALIZED_AUTOS = YES_AGGRESSIVE;
				GCC_WARN_UNUSED_FUNCTION = YES;
				GCC_WARN_UNUSED_VARIABLE = YES;
				IPHONEOS_DEPLOYMENT_TARGET = 11.2;
				MTL_ENABLE_DEBUG_INFO = YES;
				ONLY_ACTIVE_ARCH = YES;
				SDKROOT = iphoneos;
			};
			name = Debug;
		};
		DE3E678220B4CBA800888211 /* Release */ = {
			isa = XCBuildConfiguration;
			buildSettings = {
				ALWAYS_SEARCH_USER_PATHS = NO;
				CLANG_ANALYZER_NONNULL = YES;
				CLANG_ANALYZER_NUMBER_OBJECT_CONVERSION = YES_AGGRESSIVE;
				CLANG_CXX_LANGUAGE_STANDARD = "gnu++14";
				CLANG_CXX_LIBRARY = "libc++";
				CLANG_ENABLE_MODULES = YES;
				CLANG_ENABLE_OBJC_ARC = YES;
				CLANG_WARN_BLOCK_CAPTURE_AUTORELEASING = YES;
				CLANG_WARN_BOOL_CONVERSION = YES;
				CLANG_WARN_COMMA = YES;
				CLANG_WARN_CONSTANT_CONVERSION = YES;
				CLANG_WARN_DIRECT_OBJC_ISA_USAGE = YES_ERROR;
				CLANG_WARN_DOCUMENTATION_COMMENTS = YES;
				CLANG_WARN_EMPTY_BODY = YES;
				CLANG_WARN_ENUM_CONVERSION = YES;
				CLANG_WARN_INFINITE_RECURSION = YES;
				CLANG_WARN_INT_CONVERSION = YES;
				CLANG_WARN_NON_LITERAL_NULL_CONVERSION = YES;
				CLANG_WARN_OBJC_LITERAL_CONVERSION = YES;
				CLANG_WARN_OBJC_ROOT_CLASS = YES_ERROR;
				CLANG_WARN_RANGE_LOOP_ANALYSIS = YES;
				CLANG_WARN_STRICT_PROTOTYPES = YES;
				CLANG_WARN_SUSPICIOUS_MOVE = YES;
				CLANG_WARN_UNGUARDED_AVAILABILITY = YES_AGGRESSIVE;
				CLANG_WARN_UNREACHABLE_CODE = YES;
				CLANG_WARN__DUPLICATE_METHOD_MATCH = YES;
				CODE_SIGN_IDENTITY = "iPhone Developer";
				COPY_PHASE_STRIP = NO;
				DEBUG_INFORMATION_FORMAT = "dwarf-with-dsym";
				ENABLE_NS_ASSERTIONS = NO;
				ENABLE_STRICT_OBJC_MSGSEND = YES;
				GCC_C_LANGUAGE_STANDARD = gnu11;
				GCC_NO_COMMON_BLOCKS = YES;
				GCC_WARN_64_TO_32_BIT_CONVERSION = YES;
				GCC_WARN_ABOUT_RETURN_TYPE = YES_ERROR;
				GCC_WARN_UNDECLARED_SELECTOR = YES;
				GCC_WARN_UNINITIALIZED_AUTOS = YES_AGGRESSIVE;
				GCC_WARN_UNUSED_FUNCTION = YES;
				GCC_WARN_UNUSED_VARIABLE = YES;
				IPHONEOS_DEPLOYMENT_TARGET = 11.2;
				MTL_ENABLE_DEBUG_INFO = NO;
				SDKROOT = iphoneos;
				VALIDATE_PRODUCT = YES;
			};
			name = Release;
		};
		DE3E678420B4CBA800888211 /* Debug */ = {
			isa = XCBuildConfiguration;
			baseConfigurationReference = 127E50BA9D09DDB4EAAA3923 /* Pods-XYZ-HelloWorld.debug.xcconfig */;
			buildSettings = {
				ASSETCATALOG_COMPILER_APPICON_NAME = AppIcon;
				CODE_SIGN_STYLE = Automatic;
				DEVELOPMENT_TEAM = 9G89XQ9R38;
				INFOPLIST_FILE = "XYZ-HelloWorld/Info.plist";
				LD_RUNPATH_SEARCH_PATHS = "$(inherited) @executable_path/Frameworks";
				PRODUCT_BUNDLE_IDENTIFIER = "com.yoonlee.XYZ-HelloWorld";
				PRODUCT_NAME = "$(TARGET_NAME)";
				TARGETED_DEVICE_FAMILY = "1,2";
			};
			name = Debug;
		};
		DE3E678520B4CBA800888211 /* Release */ = {
			isa = XCBuildConfiguration;
			baseConfigurationReference = 035DB09E905156F547BDC1E4 /* Pods-XYZ-HelloWorld.release.xcconfig */;
			buildSettings = {
				ASSETCATALOG_COMPILER_APPICON_NAME = AppIcon;
				CODE_SIGN_STYLE = Automatic;
				DEVELOPMENT_TEAM = 9G89XQ9R38;
				INFOPLIST_FILE = "XYZ-HelloWorld/Info.plist";
				LD_RUNPATH_SEARCH_PATHS = "$(inherited) @executable_path/Frameworks";
				PRODUCT_BUNDLE_IDENTIFIER = "com.yoonlee.XYZ-HelloWorld";
				PRODUCT_NAME = "$(TARGET_NAME)";
				TARGETED_DEVICE_FAMILY = "1,2";
			};
			name = Release;
		};
		DE3E679720B4E8D100888211 /* Debug */ = {
			isa = XCBuildConfiguration;
			buildSettings = {
				BUNDLE_LOADER = "$(TEST_HOST)";
				CODE_SIGN_STYLE = Automatic;
				DEVELOPMENT_TEAM = 9G89XQ9R38;
				INFOPLIST_FILE = "XYZ-HelloWorldTests/Info.plist";
				LD_RUNPATH_SEARCH_PATHS = "$(inherited) @executable_path/Frameworks @loader_path/Frameworks";
				PRODUCT_BUNDLE_IDENTIFIER = "com.yoonlee.XYZ-HelloWorldTests";
				PRODUCT_NAME = "$(TARGET_NAME)";
				TARGETED_DEVICE_FAMILY = "1,2";
				TEST_HOST = "$(BUILT_PRODUCTS_DIR)/XYZ-HelloWorld.app/XYZ-HelloWorld";
			};
			name = Debug;
		};
		DE3E679820B4E8D100888211 /* Release */ = {
			isa = XCBuildConfiguration;
			buildSettings = {
				BUNDLE_LOADER = "$(TEST_HOST)";
				CODE_SIGN_STYLE = Automatic;
				DEVELOPMENT_TEAM = 9G89XQ9R38;
				INFOPLIST_FILE = "XYZ-HelloWorldTests/Info.plist";
				LD_RUNPATH_SEARCH_PATHS = "$(inherited) @executable_path/Frameworks @loader_path/Frameworks";
				PRODUCT_BUNDLE_IDENTIFIER = "com.yoonlee.XYZ-HelloWorldTests";
				PRODUCT_NAME = "$(TARGET_NAME)";
				TARGETED_DEVICE_FAMILY = "1,2";
				TEST_HOST = "$(BUILT_PRODUCTS_DIR)/XYZ-HelloWorld.app/XYZ-HelloWorld";
			};
			name = Release;
		};
/* End XCBuildConfiguration section */

/* Begin XCConfigurationList section */
		DE0B946A20B769640058CED9 /* Build configuration list for PBXNativeTarget "XYZ-HelloWorldUITests" */ = {
			isa = XCConfigurationList;
			buildConfigurations = (
				DE0B946B20B769640058CED9 /* Debug */,
				DE0B946C20B769640058CED9 /* Release */,
			);
			defaultConfigurationIsVisible = 0;
			defaultConfigurationName = Release;
		};
		DE3E676820B4CBA800888211 /* Build configuration list for PBXProject "XYZ-HelloWorld" */ = {
			isa = XCConfigurationList;
			buildConfigurations = (
				DE3E678120B4CBA800888211 /* Debug */,
				DE3E678220B4CBA800888211 /* Release */,
			);
			defaultConfigurationIsVisible = 0;
			defaultConfigurationName = Release;
		};
		DE3E678320B4CBA800888211 /* Build configuration list for PBXNativeTarget "XYZ-HelloWorld" */ = {
			isa = XCConfigurationList;
			buildConfigurations = (
				DE3E678420B4CBA800888211 /* Debug */,
				DE3E678520B4CBA800888211 /* Release */,
			);
			defaultConfigurationIsVisible = 0;
			defaultConfigurationName = Release;
		};
		DE3E679920B4E8D100888211 /* Build configuration list for PBXNativeTarget "XYZ-HelloWorldTests" */ = {
			isa = XCConfigurationList;
			buildConfigurations = (
				DE3E679720B4E8D100888211 /* Debug */,
				DE3E679820B4E8D100888211 /* Release */,
			);
			defaultConfigurationIsVisible = 0;
			defaultConfigurationName = Release;
		};
/* End XCConfigurationList section */
	};
	rootObject = DE3E676520B4CBA800888211 /* Project object */;
}
